
Microsoft Visual Studio Solution File, Format Version 12.00
# Visual Studio 15
VisualStudioVersion = 15.0.26730.16
MinimumVisualStudioVersion = 10.0.40219.1
Project("{8BC9CEB8-8B4A-11D0-8D11-00A0C91BC942}") = "parallel-bfs", "parallel-bfs\parallel-bfs.vcxproj", "{114D3D4D-F72C-47B7-91B2-B5BEB33C835E}"
EndProject
Global
	GlobalSection(SolutionConfigurationPlatforms) = preSolution
		Debug|x64 = Debug|x64
		Debug|x86 = Debug|x86
		Release|x64 = Release|x64
		Release|x86 = Release|x86
	EndGlobalSection
	GlobalSection(ProjectConfigurationPlatforms) = postSolution
		{114D3D4D-F72C-47B7-91B2-B5BEB33C835E}.Debug|x64.ActiveCfg = Debug|x64
		{114D3D4D-F72C-47B7-91B2-B5BEB33C835E}.Debug|x64.Build.0 = Debug|x64
		{114D3D4D-F72C-47B7-91B2-B5BEB33C835E}.Debug|x86.ActiveCfg = Debug|Win32
		{114D3D4D-F72C-47B7-91B2-B5BEB33C835E}.Debug|x86.Build.0 = Debug|Win32
		{114D3D4D-F72C-47B7-91B2-B5BEB33C835E}.Release|x64.ActiveCfg = Release|x64
		{114D3D4D-F72C-47B7-91B2-B5BEB33C835E}.Release|x64.Build.0 = Release|x64
		{114D3D4D-F72C-47B7-91B2-B5BEB33C835E}.Release|x86.ActiveCfg = Release|Win32
		{114D3D4D-F72C-47B7-91B2-B5BEB33C835E}.Release|x86.Build.0 = Release|Win32
	EndGlobalSection
	GlobalSection(SolutionProperties) = preSolution
		HideSolutionNode = FALSE
	EndGlobalSection
	GlobalSection(ExtensibilityGlobals) = postSolution
		SolutionGuid = {15329479-A2EF-48BB-AF24-9DFBC5369CB6}
	EndGlobalSection
EndGlobal
